// !$*UTF8*$!
{
	archiveVersion = 1;
	classes = {
	};
	objectVersion = 46;
	objects = {

/* Begin PBXBuildFile section */
		1E3292231D3F062C00F7DA53 /* CoreLocation.framework in Frameworks */ = {isa = PBXBuildFile; fileRef = 1E3292221D3F062C00F7DA53 /* CoreLocation.framework */; };
		1EDFD35F1D3F05910046B395 /* AppDelegate.swift in Sources */ = {isa = PBXBuildFile; fileRef = 1EDFD35E1D3F05910046B395 /* AppDelegate.swift */; };
		1EDFD3611D3F05910046B395 /* ViewController.swift in Sources */ = {isa = PBXBuildFile; fileRef = 1EDFD3601D3F05910046B395 /* ViewController.swift */; };
		1EDFD3641D3F05910046B395 /* Main.storyboard in Resources */ = {isa = PBXBuildFile; fileRef = 1EDFD3621D3F05910046B395 /* Main.storyboard */; };
		1EDFD3661D3F05910046B395 /* Assets.xcassets in Resources */ = {isa = PBXBuildFile; fileRef = 1EDFD3651D3F05910046B395 /* Assets.xcassets */; };
		1EDFD3691D3F05910046B395 /* LaunchScreen.storyboard in Resources */ = {isa = PBXBuildFile; fileRef = 1EDFD3671D3F05910046B395 /* LaunchScreen.storyboard */; };
/* End PBXBuildFile section */

/* Begin PBXFileReference section */
		1E3292221D3F062C00F7DA53 /* CoreLocation.framework */ = {isa = PBXFileReference; lastKnownFileType = wrapper.framework; name = CoreLocation.framework; path = System/Library/Frameworks/CoreLocation.framework; sourceTree = SDKROOT; };
		1EDFD35B1D3F05910046B395 /* Where Am I.app */ = {isa = PBXFileReference; explicitFileType = wrapper.application; includeInIndex = 0; path = "Where Am I.app"; sourceTree = BUILT_PRODUCTS_DIR; };
		1EDFD35E1D3F05910046B395 /* AppDelegate.swift */ = {isa = PBXFileReference; lastKnownFileType = sourcecode.swift; path = AppDelegate.swift; sourceTree = "<group>"; };
		1EDFD3601D3F05910046B395 /* ViewController.swift */ = {isa = PBXFileReference; lastKnownFileType = sourcecode.swift; path = ViewController.swift; sourceTree = "<group>"; };
		1EDFD3631D3F05910046B395 /* Base */ = {isa = PBXFileReference; lastKnownFileType = file.storyboard; name = Base; path = Base.lproj/Main.storyboard; sourceTree = "<group>"; };
		1EDFD3651D3F05910046B395 /* Assets.xcassets */ = {isa = PBXFileReference; lastKnownFileType = folder.assetcatalog; path = Assets.xcassets; sourceTree = "<group>"; };
		1EDFD3681D3F05910046B395 /* Base */ = {isa = PBXFileReference; lastKnownFileType = file.storyboard; name = Base; path = Base.lproj/LaunchScreen.storyboard; sourceTree = "<group>"; };
		1EDFD36A1D3F05910046B395 /* Info.plist */ = {isa = PBXFileReference; lastKnownFileType = text.plist.xml; path = Info.plist; sourceTree = "<group>"; };
/* End PBXFileReference section */

/* Begin PBXFrameworksBuildPhase section */
		1EDFD3581D3F05910046B395 /* Frameworks */ = {
			isa = PBXFrameworksBuildPhase;
			buildActionMask = 2147483647;
			files = (
				1E3292231D3F062C00F7DA53 /* CoreLocation.framework in Frameworks */,
			);
			runOnlyForDeploymentPostprocessing = 0;
		};
/* End PBXFrameworksBuildPhase section */

/* Begin PBXGroup section */
		1EDFD3521D3F05910046B395 = {
			isa = PBXGroup;
			children = (
				1E3292221D3F062C00F7DA53 /* CoreLocation.framework */,
				1EDFD35D1D3F05910046B395 /* Where Am I */,
				1EDFD35C1D3F05910046B395 /* Products */,
			);
			sourceTree = "<group>";
		};
		1EDFD35C1D3F05910046B395 /* Products */ = {
			isa = PBXGroup;
			children = (
				1EDFD35B1D3F05910046B395 /* Where Am I.app */,
			);
			name = Products;
			sourceTree = "<group>";
		};
		1EDFD35D1D3F05910046B395 /* Where Am I */ = {
			isa = PBXGroup;
			children = (
				1EDFD35E1D3F05910046B395 /* AppDelegate.swift */,
				1EDFD3601D3F05910046B395 /* ViewController.swift */,
				1EDFD3621D3F05910046B395 /* Main.storyboard */,
				1EDFD3651D3F05910046B395 /* Assets.xcassets */,
				1EDFD3671D3F05910046B395 /* LaunchScreen.storyboard */,
				1EDFD36A1D3F05910046B395 /* Info.plist */,
			);
			path = "Where Am I";
			sourceTree = "<group>";
		};
/* End PBXGroup section */

/* Begin PBXNativeTarget section */
		1EDFD35A1D3F05910046B395 /* Where Am I */ = {
			isa = PBXNativeTarget;
			buildConfigurationList = 1EDFD36D1D3F05910046B395 /* Build configuration list for PBXNativeTarget "Where Am I" */;
			buildPhases = (
				1EDFD3571D3F05910046B395 /* Sources */,
				1EDFD3581D3F05910046B395 /* Frameworks */,
				1EDFD3591D3F05910046B395 /* Resources */,
			);
			buildRules = (
			);
			dependencies = (
			);
			name = "Where Am I";
			productName = "Where Am I";
			productReference = 1EDFD35B1D3F05910046B395 /* Where Am I.app */;
			productType = "com.apple.product-type.application";
		};
/* End PBXNativeTarget section */

/* Begin PBXProject section */
		1EDFD3531D3F05910046B395 /* Project object */ = {
			isa = PBXProject;
			attributes = {
				LastSwiftUpdateCheck = 0730;
				LastUpgradeCheck = 0730;
				ORGANIZATIONNAME = "이승희";
				TargetAttributes = {
					1EDFD35A1D3F05910046B395 = {
						CreatedOnToolsVersion = 7.3.1;
					};
				};
			};
			buildConfigurationList = 1EDFD3561D3F05910046B395 /* Build configuration list for PBXProject "Where Am I" */;
			compatibilityVersion = "Xcode 3.2";
			developmentRegion = English;
			hasScannedForEncodings = 0;
			knownRegions = (
				en,
				Base,
			);
			mainGroup = 1EDFD3521D3F05910046B395;
			productRefGroup = 1EDFD35C1D3F05910046B395 /* Products */;
			projectDirPath = "";
			projectRoot = "";
			targets = (
				1EDFD35A1D3F05910046B395 /* Where Am I */,
			);
		};
/* End PBXProject section */

/* Begin PBXResourcesBuildPhase section */
		1EDFD3591D3F05910046B395 /* Resources */ = {
			isa = PBXResourcesBuildPhase;
			buildActionMask = 2147483647;
			files = (
				1EDFD3691D3F05910046B395 /* LaunchScreen.storyboard in Resources */,
				1EDFD3661D3F05910046B395 /* Assets.xcassets in Resources */,
				1EDFD3641D3F05910046B395 /* Main.storyboard in Resources */,
			);
			runOnlyForDeploymentPostprocessing = 0;
		};
/* End PBXResourcesBuildPhase section */

/* Begin PBXSourcesBuildPhase section */
		1EDFD3571D3F05910046B395 /* Sources */ = {
			isa = PBXSourcesBuildPhase;
			buildActionMask = 2147483647;
			files = (
				1EDFD3611D3F05910046B395 /* ViewController.swift in Sources */,
				1EDFD35F1D3F05910046B395 /* AppDelegate.swift in Sources */,
			);
			runOnlyForDeploymentPostprocessing = 0;
		};
/* End PBXSourcesBuildPhase section */

/* Begin PBXVariantGroup section */
		1EDFD3621D3F05910046B395 /* Main.storyboard */ = {
			isa = PBXVariantGroup;
			children = (
				1EDFD3631D3F05910046B395 /* Base */,
			);
			name = Main.storyboard;
			sourceTree = "<group>";
		};
		1EDFD3671D3F05910046B395 /* LaunchScreen.storyboard */ = {
			isa = PBXVariantGroup;
			children = (
				1EDFD3681D3F05910046B395 /* Base */,
			);
			name = LaunchScreen.storyboard;
			sourceTree = "<group>";
		};
/* End PBXVariantGroup section */

/* Begin XCBuildConfiguration section */
		1EDFD36B1D3F05910046B395 /* Debug */ = {
			isa = XCBuildConfiguration;
			buildSettings = {
				ALWAYS_SEARCH_USER_PATHS = NO;
				CLANG_ANALYZER_NONNULL = YES;
				CLANG_CXX_LANGUAGE_STANDARD = "gnu++0x";
				CLANG_CXX_LIBRARY = "libc++";
				CLANG_ENABLE_MODULES = YES;
				CLANG_ENABLE_OBJC_ARC = YES;
				CLANG_WARN_BOOL_CONVERSION = YES;
				CLANG_WARN_CONSTANT_CONVERSION = YES;
				CLANG_WARN_DIRECT_OBJC_ISA_USAGE = YES_ERROR;
				CLANG_WARN_EMPTY_BODY = YES;
				CLANG_WARN_ENUM_CONVERSION = YES;
				CLANG_WARN_INT_CONVERSION = YES;
				CLANG_WARN_OBJC_ROOT_CLASS = YES_ERROR;
				CLANG_WARN_UNREACHABLE_CODE = YES;
				CLANG_WARN__DUPLICATE_METHOD_MATCH = YES;
				"CODE_SIGN_IDENTITY[sdk=iphoneos*]" = "iPhone Developer";
				COPY_PHASE_STRIP = NO;
				DEBUG_INFORMATION_FORMAT = dwarf;
				ENABLE_STRICT_OBJC_MSGSEND = YES;
				ENABLE_TESTABILITY = YES;
				GCC_C_LANGUAGE_STANDARD = gnu99;
				GCC_DYNAMIC_NO_PIC = NO;
				GCC_NO_COMMON_BLOCKS = YES;
				GCC_OPTIMIZATION_LEVEL = 0;
				GCC_PREPROCESSOR_DEFINITIONS = (
					"DEBUG=1",
					"$(inherited)",
				);
				GCC_WARN_64_TO_32_BIT_CONVERSION = YES;
				GCC_WARN_ABOUT_RETURN_TYPE = YES_ERROR;
				GCC_WARN_UNDECLARED_SELECTOR = YES;
				GCC_WARN_UNINITIALIZED_AUTOS = YES_AGGRESSIVE;
				GCC_WARN_UNUSED_FUNCTION = YES;
				GCC_WARN_UNUSED_VARIABLE = YES;
				IPHONEOS_DEPLOYMENT_TARGET = 9.3;
				MTL_ENABLE_DEBUG_INFO = YES;
				ONLY_ACTIVE_ARCH = YES;
				SDKROOT = iphoneos;
				SWIFT_OPTIMIZATION_LEVEL = "-Onone";
			};
			name = Debug;
		};
		1EDFD36C1D3F05910046B395 /* Release */ = {
			isa = XCBuildConfiguration;
			buildSettings = {
				ALWAYS_SEARCH_USER_PATHS = NO;
				CLANG_ANALYZER_NONNULL = YES;
				CLANG_CXX_LANGUAGE_STANDARD = "gnu++0x";
				CLANG_CXX_LIBRARY = "libc++";
				CLANG_ENABLE_MODULES = YES;
				CLANG_ENABLE_OBJC_ARC = YES;
				CLANG_WARN_BOOL_CONVERSION = YES;
				CLANG_WARN_CONSTANT_CONVERSION = YES;
				CLANG_WARN_DIRECT_OBJC_ISA_USAGE = YES_ERROR;
				CLANG_WARN_EMPTY_BODY = YES;
				CLANG_WARN_ENUM_CONVERSION = YES;
				CLANG_WARN_INT_CONVERSION = YES;
				CLANG_WARN_OBJC_ROOT_CLASS = YES_ERROR;
				CLANG_WARN_UNREACHABLE_CODE = YES;
				CLANG_WARN__DUPLICATE_METHOD_MATCH = YES;
				"CODE_SIGN_IDENTITY[sdk=iphoneos*]" = "iPhone Developer";
				COPY_PHASE_STRIP = NO;
				DEBUG_INFORMATION_FORMAT = "dwarf-with-dsym";
				ENABLE_NS_ASSERTIONS = NO;
				ENABLE_STRICT_OBJC_MSGSEND = YES;
				GCC_C_LANGUAGE_STANDARD = gnu99;
				GCC_NO_COMMON_BLOCKS = YES;
				GCC_WARN_64_TO_32_BIT_CONVERSION = YES;
				GCC_WARN_ABOUT_RETURN_TYPE = YES_ERROR;
				GCC_WARN_UNDECLARED_SELECTOR = YES;
				GCC_WARN_UNINITIALIZED_AUTOS = YES_AGGRESSIVE;
				GCC_WARN_UNUSED_FUNCTION = YES;
				GCC_WARN_UNUSED_VARIABLE = YES;
				IPHONEOS_DEPLOYMENT_TARGET = 9.3;
				MTL_ENABLE_DEBUG_INFO = NO;
				SDKROOT = iphoneos;
				VALIDATE_PRODUCT = YES;
			};
			name = Release;
		};
		1EDFD36E1D3F05910046B395 /* Debug */ = {
			isa = XCBuildConfiguration;
			buildSettings = {
				ASSETCATALOG_COMPILER_APPICON_NAME = AppIcon;
				INFOPLIST_FILE = "Where Am I/Info.plist";
				LD_RUNPATH_SEARCH_PATHS = "$(inherited) @executable_path/Frameworks";
				PRODUCT_BUNDLE_IDENTIFIER = "com.seung.Where-Am-I";
				PRODUCT_NAME = "$(TARGET_NAME)";
			};
			name = Debug;
		};
		1EDFD36F1D3F05910046B395 /* Release */ = {
			isa = XCBuildConfiguration;
			buildSettings = {
				ASSETCATALOG_COMPILER_APPICON_NAME = AppIcon;
				INFOPLIST_FILE = "Where Am I/Info.plist";
				LD_RUNPATH_SEARCH_PATHS = "$(inherited) @executable_path/Frameworks";
				PRODUCT_BUNDLE_IDENTIFIER = "com.seung.Where-Am-I";
				PRODUCT_NAME = "$(TARGET_NAME)";
			};
			name = Release;
		};
/* End XCBuildConfiguration section */

/* Begin XCConfigurationList section */
		1EDFD3561D3F05910046B395 /* Build configuration list for PBXProject "Where Am I" */ = {
			isa = XCConfigurationList;
			buildConfigurations = (
				1EDFD36B1D3F05910046B395 /* Debug */,
				1EDFD36C1D3F05910046B395 /* Release */,
			);
			defaultConfigurationIsVisible = 0;
			defaultConfigurationName = Release;
		};
		1EDFD36D1D3F05910046B395 /* Build configuration list for PBXNativeTarget "Where Am I" */ = {
			isa = XCConfigurationList;
			buildConfigurations = (
				1EDFD36E1D3F05910046B395 /* Debug */,
				1EDFD36F1D3F05910046B395 /* Release */,
			);
			defaultConfigurationIsVisible = 0;
			defaultConfigurationName = Release;
		};
/* End XCConfigurationList section */
	};
	rootObject = 1EDFD3531D3F05910046B395 /* Project object */;
}
